
Microsoft Visual Studio Solution File, Format Version 12.00
# Visual Studio Version 17
VisualStudioVersion = 17.11.35222.181
MinimumVisualStudioVersion = 10.0.40219.1
Project("{9A19103F-16F7-4668-BE54-9A1E7A4F7556}") = "ActivitiesApi", "ActivitiesApi.csproj", "{F1C8405D-34C1-441F-95A8-0BFA646B10BC}"
EndProject
Project("{9A19103F-16F7-4668-BE54-9A1E7A4F7556}") = "ActivitiesBlazor", "..\ActivitiesBlazor\ActivitiesBlazor.csproj", "{1654C4C0-6956-4F2A-9AAE-D64DF5B06E03}"
EndProject
Project("{FAE04EC0-301F-11D3-BF4B-00C04F79EFBC}") = "activitiesLibrary", "..\activitiesLibrary\activitiesLibrary.csproj", "{E5ADED52-7E2C-4A93-8CDC-E6447B88A5E8}"
EndProject
Global
	GlobalSection(SolutionConfigurationPlatforms) = preSolution
		Debug|Any CPU = Debug|Any CPU
		Release|Any CPU = Release|Any CPU
	EndGlobalSection
	GlobalSection(ProjectConfigurationPlatforms) = postSolution
		{F1C8405D-34C1-441F-95A8-0BFA646B10BC}.Debug|Any CPU.ActiveCfg = Debug|Any CPU
		{F1C8405D-34C1-441F-95A8-0BFA646B10BC}.Debug|Any CPU.Build.0 = Debug|Any CPU
		{F1C8405D-34C1-441F-95A8-0BFA646B10BC}.Release|Any CPU.ActiveCfg = Release|Any CPU
		{F1C8405D-34C1-441F-95A8-0BFA646B10BC}.Release|Any CPU.Build.0 = Release|Any CPU
		{1654C4C0-6956-4F2A-9AAE-D64DF5B06E03}.Debug|Any CPU.ActiveCfg = Debug|Any CPU
		{1654C4C0-6956-4F2A-9AAE-D64DF5B06E03}.Debug|Any CPU.Build.0 = Debug|Any CPU
		{1654C4C0-6956-4F2A-9AAE-D64DF5B06E03}.Release|Any CPU.ActiveCfg = Release|Any CPU
		{1654C4C0-6956-4F2A-9AAE-D64DF5B06E03}.Release|Any CPU.Build.0 = Release|Any CPU
		{E5ADED52-7E2C-4A93-8CDC-E6447B88A5E8}.Debug|Any CPU.ActiveCfg = Debug|Any CPU
		{E5ADED52-7E2C-4A93-8CDC-E6447B88A5E8}.Debug|Any CPU.Build.0 = Debug|Any CPU
		{E5ADED52-7E2C-4A93-8CDC-E6447B88A5E8}.Release|Any CPU.ActiveCfg = Release|Any CPU
		{E5ADED52-7E2C-4A93-8CDC-E6447B88A5E8}.Release|Any CPU.Build.0 = Release|Any CPU
	EndGlobalSection
	GlobalSection(SolutionProperties) = preSolution
		HideSolutionNode = FALSE
	EndGlobalSection
	GlobalSection(ExtensibilityGlobals) = postSolution
		SolutionGuid = {7C9C324F-2515-414E-B50F-C9BAF201EF38}
	EndGlobalSection
EndGlobal
